
Microsoft Visual Studio Solution File, Format Version 12.00
# Visual Studio Version 16
VisualStudioVersion = 16.0.32602.291
MinimumVisualStudioVersion = 10.0.40219.1
Project("{FAE04EC0-301F-11D3-BF4B-00C04F79EFBC}") = "LoginApp", "LoginApp.csproj", "{5BC6D313-E5BB-4EDE-B903-18A4800A85CB}"
EndProject
Global
	GlobalSection(SolutionConfigurationPlatforms) = preSolution
		Debug|Any CPU = Debug|Any CPU
		Release|Any CPU = Release|Any CPU
	EndGlobalSection
	GlobalSection(ProjectConfigurationPlatforms) = postSolution
		{5BC6D313-E5BB-4EDE-B903-18A4800A85CB}.Debug|Any CPU.ActiveCfg = Debug|Any CPU
		{5BC6D313-E5BB-4EDE-B903-18A4800A85CB}.Debug|Any CPU.Build.0 = Debug|Any CPU
		{5BC6D313-E5BB-4EDE-B903-18A4800A85CB}.Release|Any CPU.ActiveCfg = Release|Any CPU
		{5BC6D313-E5BB-4EDE-B903-18A4800A85CB}.Release|Any CPU.Build.0 = Release|Any CPU
	EndGlobalSection
	GlobalSection(SolutionProperties) = preSolution
		HideSolutionNode = FALSE
	EndGlobalSection
	GlobalSection(ExtensibilityGlobals) = postSolution
		SolutionGuid = {89581B98-B1E7-46EE-A493-B524243095C5}
	EndGlobalSection
EndGlobal
